<?xml version="1.0" encoding="utf-8"?>
<Project ToolsVersion="4.0" xmlns="http://schemas.microsoft.com/developer/msbuild/2003">
  <ItemGroup>
    <ClCompile Include="scene.cpp" />
    <ClCompile Include="materials.cpp" />
    <ClCompile Include="context.cpp" />
    <ClCompile Include="shader_nodes.cpp" />
    <ClCompile Include="shared\spectrum_base.cpp">
      <Filter>Shared</Filter>
    </ClCompile>
    <ClCompile Include="shared\spectrum_types.cpp">
      <Filter>Shared</Filter>
    </ClCompile>
    <ClCompile Include="image.cpp" />
    <ClCompile Include="slot_finder.cpp" />
    <ClCompile Include="common.cpp" />
    <ClCompile Include="queryable.cpp" />
    <ClCompile Include="utils\optix_util.cpp">
      <Filter>Utilities</Filter>
    </ClCompile>
    <ClCompile Include="utils\cuda_util.cpp">
      <Filter>Utilities</Filter>
    </ClCompile>
    <ClCompile Include="ext\gl3w.c">
      <Filter>ext\gl3w</Filter>
    </ClCompile>
    <ClCompile Include="vlr.cpp">
      <Filter>API</Filter>
    </ClCompile>
  </ItemGroup>
  <ItemGroup>
    <ClInclude Include="GPU_kernels\kernel_common.cuh">
      <Filter>GPU Kernels</Filter>
    </ClInclude>
    <ClInclude Include="scene.h" />
    <ClInclude Include="materials.h" />
    <ClInclude Include="context.h" />
    <ClInclude Include="GPU_kernels\light_transport_common.cuh">
      <Filter>GPU Kernels</Filter>
    </ClInclude>
    <ClInclude Include="ext\include\half.hpp">
      <Filter>ext</Filter>
    </ClInclude>
    <ClInclude Include="shader_nodes.h" />
    <ClInclude Include="include\vlr\public_types.h">
      <Filter>API</Filter>
    </ClInclude>
    <ClInclude Include="include\vlr\basic_types.h">
      <Filter>Shared</Filter>
    </ClInclude>
    <ClInclude Include="include\vlr\common.h">
      <Filter>Shared</Filter>
    </ClInclude>
    <ClInclude Include="shared\common_internal.h">
      <Filter>Shared</Filter>
    </ClInclude>
    <ClInclude Include="shared\rgb_spectrum_types.h">
      <Filter>Shared</Filter>
    </ClInclude>
    <ClInclude Include="shared\shared.h">
      <Filter>Shared</Filter>
    </ClInclude>
    <ClInclude Include="shared\spectrum_base.h">
      <Filter>Shared</Filter>
    </ClInclude>
    <ClInclude Include="shared\spectrum_types.h">
      <Filter>Shared</Filter>
    </ClInclude>
    <ClInclude Include="shared\basic_types_internal.h">
      <Filter>Shared</Filter>
    </ClInclude>
    <ClInclude Include="image.h" />
    <ClInclude Include="slot_finder.h" />
    <ClInclude Include="queryable.h" />
    <ClInclude Include="utils\cuda_util.h">
      <Filter>Utilities</Filter>
    </ClInclude>
    <ClInclude Include="utils\optix_util.h">
      <Filter>Utilities</Filter>
    </ClInclude>
    <ClInclude Include="utils\optix_util_private.h">
      <Filter>Utilities</Filter>
    </ClInclude>
    <ClInclude Include="utils\optixu_on_cudau.h">
      <Filter>Utilities</Filter>
    </ClInclude>
    <ClInclude Include="shared\random_distributions.h">
      <Filter>Shared</Filter>
    </ClInclude>
    <ClInclude Include="ext\include\GL\glcorearb.h">
      <Filter>ext\gl3w</Filter>
    </ClInclude>
    <ClInclude Include="ext\include\GL\gl3w.h">
      <Filter>ext\gl3w</Filter>
    </ClInclude>
    <ClInclude Include="ext\include\KHR\khrplatform.h">
      <Filter>ext\gl3w</Filter>
    </ClInclude>
    <ClInclude Include="include\vlr\vlr.h">
      <Filter>API</Filter>
    </ClInclude>
    <ClInclude Include="include\vlr\vlrcpp.h">
      <Filter>API</Filter>
    </ClInclude>
    <ClInclude Include="GPU_kernels\renderer_common.cuh">
      <Filter>GPU Kernels</Filter>
    </ClInclude>
  </ItemGroup>
  <ItemGroup>
    <Filter Include="GPU Kernels">
      <UniqueIdentifier>{cd8adf6e-4acf-43fa-89da-8cff4a35f48b}</UniqueIdentifier>
    </Filter>
    <Filter Include="ext">
      <UniqueIdentifier>{e2341fa3-8b02-4d88-bd27-8911d42f9713}</UniqueIdentifier>
    </Filter>
    <Filter Include="API">
      <UniqueIdentifier>{5b29098c-54b2-455f-a988-5afcf02f08ea}</UniqueIdentifier>
    </Filter>
    <Filter Include="Shared">
      <UniqueIdentifier>{626b6b12-ff56-4992-a1bc-68f887ae2bc8}</UniqueIdentifier>
    </Filter>
    <Filter Include="Utilities">
      <UniqueIdentifier>{a77135d7-bb62-437c-ab23-139546fd8996}</UniqueIdentifier>
    </Filter>
    <Filter Include="ext\gl3w">
      <UniqueIdentifier>{e05f5822-db6a-49c1-9039-5b4c30e5f0c7}</UniqueIdentifier>
    </Filter>
    <Filter Include="files to copy">
      <UniqueIdentifier>{1a6a3f67-18ee-4950-82f9-85e1c1ce1c1d}</UniqueIdentifier>
    </Filter>
  </ItemGroup>
  <ItemGroup>
    <CudaCompile Include="GPU_kernels\triangle.cu">
      <Filter>GPU Kernels</Filter>
    </CudaCompile>
    <CudaCompile Include="GPU_kernels\materials.cu">
      <Filter>GPU Kernels</Filter>
    </CudaCompile>
    <CudaCompile Include="GPU_kernels\path_tracing.cu">
      <Filter>GPU Kernels</Filter>
    </CudaCompile>
    <CudaCompile Include="GPU_kernels\cameras.cu">
      <Filter>GPU Kernels</Filter>
    </CudaCompile>
    <CudaCompile Include="GPU_kernels\infinite_sphere.cu">
      <Filter>GPU Kernels</Filter>
    </CudaCompile>
    <CudaCompile Include="GPU_kernels\shader_nodes.cu">
      <Filter>GPU Kernels</Filter>
    </CudaCompile>
    <CudaCompile Include="GPU_kernels\debug_rendering.cu">
      <Filter>GPU Kernels</Filter>
    </CudaCompile>
    <CudaCompile Include="GPU_kernels\post_process.cu">
      <Filter>GPU Kernels</Filter>
    </CudaCompile>
  </ItemGroup>
  <ItemGroup>
    <CopyFileToFolders Include="spectral_upsampling_tables\sRGB_E.coeff">
      <Filter>files to copy</Filter>
    </CopyFileToFolders>
    <CopyFileToFolders Include="spectral_upsampling_tables\sRGB_D65.coeff">
      <Filter>files to copy</Filter>
    </CopyFileToFolders>
  </ItemGroup>
</Project>