
Microsoft Visual Studio Solution File, Format Version 12.00
# Visual Studio 15
VisualStudioVersion = 15.0.27428.2043
MinimumVisualStudioVersion = 10.0.40219.1
Project("{8BC9CEB8-8B4A-11D0-8D11-00A0C91BC942}") = "libVLR", "libVLR\libVLR.vcxproj", "{776A3F3D-83C8-4421-8CF4-13D6FF36C808}"
EndProject
Project("{8BC9CEB8-8B4A-11D0-8D11-00A0C91BC942}") = "HostProgram", "HostProgram\HostProgram.vcxproj", "{6430930F-4932-457F-AC9C-AED74FACC5C7}"
	ProjectSection(ProjectDependencies) = postProject
		{776A3F3D-83C8-4421-8CF4-13D6FF36C808} = {776A3F3D-83C8-4421-8CF4-13D6FF36C808}
	EndProjectSection
EndProject
Global
	GlobalSection(SolutionConfigurationPlatforms) = preSolution
		Debug|x64 = Debug|x64
		Release|x64 = Release|x64
	EndGlobalSection
	GlobalSection(ProjectConfigurationPlatforms) = postSolution
		{776A3F3D-83C8-4421-8CF4-13D6FF36C808}.Debug|x64.ActiveCfg = Debug|x64
		{776A3F3D-83C8-4421-8CF4-13D6FF36C808}.Debug|x64.Build.0 = Debug|x64
		{776A3F3D-83C8-4421-8CF4-13D6FF36C808}.Release|x64.ActiveCfg = Release|x64
		{776A3F3D-83C8-4421-8CF4-13D6FF36C808}.Release|x64.Build.0 = Release|x64
		{6430930F-4932-457F-AC9C-AED74FACC5C7}.Debug|x64.ActiveCfg = Debug|x64
		{6430930F-4932-457F-AC9C-AED74FACC5C7}.Debug|x64.Build.0 = Debug|x64
		{6430930F-4932-457F-AC9C-AED74FACC5C7}.Release|x64.ActiveCfg = Release|x64
		{6430930F-4932-457F-AC9C-AED74FACC5C7}.Release|x64.Build.0 = Release|x64
	EndGlobalSection
	GlobalSection(SolutionProperties) = preSolution
		HideSolutionNode = FALSE
	EndGlobalSection
	GlobalSection(ExtensibilityGlobals) = postSolution
		SolutionGuid = {A7646774-B440-49D9-8617-92D17883F2C0}
	EndGlobalSection
EndGlobal
