<?xml version="1.0" encoding="utf-8"?>
<Project ToolsVersion="4.0" xmlns="http://schemas.microsoft.com/developer/msbuild/2003">
  <ItemGroup>
    <ClCompile Include="main.cpp" />
    <ClCompile Include="scene.cpp" />
    <ClCompile Include="c_compile_test.c" />
    <ClCompile Include="cpp_compile_test.cpp" />
    <ClCompile Include="dds_loader.cpp">
      <Filter>helpers</Filter>
    </ClCompile>
    <ClCompile Include="gl_util.cpp">
      <Filter>helpers</Filter>
    </ClCompile>
    <ClCompile Include="image.cpp">
      <Filter>helpers</Filter>
    </ClCompile>
    <ClCompile Include="..\ext\imgui\imgui.cpp">
      <Filter>ext\imgui\core</Filter>
    </ClCompile>
    <ClCompile Include="..\ext\imgui\imgui_draw.cpp">
      <Filter>ext\imgui\core</Filter>
    </ClCompile>
    <ClCompile Include="..\ext\imgui\imgui_tables.cpp">
      <Filter>ext\imgui\core</Filter>
    </ClCompile>
    <ClCompile Include="..\ext\imgui\imgui_widgets.cpp">
      <Filter>ext\imgui\core</Filter>
    </ClCompile>
    <ClCompile Include="..\ext\imgui\backends\imgui_impl_glfw.cpp">
      <Filter>ext\imgui</Filter>
    </ClCompile>
    <ClCompile Include="..\ext\imgui\backends\imgui_impl_opengl3.cpp">
      <Filter>ext\imgui</Filter>
    </ClCompile>
    <ClCompile Include="..\ext\prebuilt\src\gl3w.c">
      <Filter>ext\gl3w</Filter>
    </ClCompile>
    <ClCompile Include="..\ext\tinyexr\tinyexr.cc">
      <Filter>ext\tinyexr</Filter>
    </ClCompile>
    <ClCompile Include="..\ext\tinyexr\deps\miniz\miniz.c">
      <Filter>ext\tinyexr\miniz</Filter>
    </ClCompile>
    <ClCompile Include="..\ext\tinyexr\deps\nanozlib\wuffs-v0.3.c">
      <Filter>ext\tinyexr\nanozlib</Filter>
    </ClCompile>
  </ItemGroup>
  <ItemGroup>
    <Filter Include="shaders">
      <UniqueIdentifier>{b1ba1065-1607-4b70-8c86-9c1535ae2b93}</UniqueIdentifier>
    </Filter>
    <Filter Include="helpers">
      <UniqueIdentifier>{079c8b79-02fc-414e-b18d-35ee05d2185f}</UniqueIdentifier>
    </Filter>
    <Filter Include="ext">
      <UniqueIdentifier>{1dea447f-c586-4af4-9fcc-07446eaf5302}</UniqueIdentifier>
    </Filter>
    <Filter Include="ext\gl3w">
      <UniqueIdentifier>{6497c07d-c3f7-4fb5-93de-b585feebf71b}</UniqueIdentifier>
    </Filter>
    <Filter Include="ext\glfw">
      <UniqueIdentifier>{43e601ba-e170-4f1d-a2f8-bf59df727ea2}</UniqueIdentifier>
    </Filter>
    <Filter Include="ext\imgui">
      <UniqueIdentifier>{31dd1e9f-aa48-4946-be58-14b0af22f884}</UniqueIdentifier>
    </Filter>
    <Filter Include="ext\imgui\core">
      <UniqueIdentifier>{af65f80e-df32-4b70-b046-f63a5ac93235}</UniqueIdentifier>
    </Filter>
    <Filter Include="ext\tinyexr">
      <UniqueIdentifier>{1f9ebec8-34bb-4d1c-92d1-07450937107e}</UniqueIdentifier>
    </Filter>
    <Filter Include="ext\tinyexr\miniz">
      <UniqueIdentifier>{6cf3b058-ea32-4e6e-8fdf-96bfbbe9abaf}</UniqueIdentifier>
    </Filter>
    <Filter Include="ext\tinyexr\nanozlib">
      <UniqueIdentifier>{2c013ec0-e674-4ab5-a3f3-ecbbd1f11323}</UniqueIdentifier>
    </Filter>
  </ItemGroup>
  <ItemGroup>
    <ClInclude Include="StopWatch.h" />
    <ClInclude Include="scene.h" />
    <ClInclude Include="common.h" />
    <ClInclude Include="parameter.h" />
    <ClInclude Include="gl_util.h">
      <Filter>helpers</Filter>
    </ClInclude>
    <ClInclude Include="dds_loader.h">
      <Filter>helpers</Filter>
    </ClInclude>
    <ClInclude Include="image.h">
      <Filter>helpers</Filter>
    </ClInclude>
    <ClInclude Include="..\ext\imgui\imconfig.h">
      <Filter>ext\imgui\core</Filter>
    </ClInclude>
    <ClInclude Include="..\ext\imgui\imgui.h">
      <Filter>ext\imgui\core</Filter>
    </ClInclude>
    <ClInclude Include="..\ext\imgui\imgui_internal.h">
      <Filter>ext\imgui\core</Filter>
    </ClInclude>
    <ClInclude Include="..\ext\imgui\imstb_rectpack.h">
      <Filter>ext\imgui\core</Filter>
    </ClInclude>
    <ClInclude Include="..\ext\imgui\imstb_textedit.h">
      <Filter>ext\imgui\core</Filter>
    </ClInclude>
    <ClInclude Include="..\ext\imgui\imstb_truetype.h">
      <Filter>ext\imgui\core</Filter>
    </ClInclude>
    <ClInclude Include="..\ext\imgui\backends\imgui_impl_glfw.h">
      <Filter>ext\imgui</Filter>
    </ClInclude>
    <ClInclude Include="..\ext\imgui\backends\imgui_impl_opengl3.h">
      <Filter>ext\imgui</Filter>
    </ClInclude>
    <ClInclude Include="..\ext\imgui\backends\imgui_impl_opengl3_loader.h">
      <Filter>ext\imgui</Filter>
    </ClInclude>
    <ClInclude Include="..\ext\glfw\include\GLFW\glfw3.h">
      <Filter>ext\glfw</Filter>
    </ClInclude>
    <ClInclude Include="..\ext\glfw\include\GLFW\glfw3native.h">
      <Filter>ext\glfw</Filter>
    </ClInclude>
    <ClInclude Include="..\ext\prebuilt\include\GL\gl3w.h">
      <Filter>ext\gl3w</Filter>
    </ClInclude>
    <ClInclude Include="..\ext\prebuilt\include\GL\glcorearb.h">
      <Filter>ext\gl3w</Filter>
    </ClInclude>
    <ClInclude Include="..\ext\prebuilt\include\KHR\khrplatform.h">
      <Filter>ext\gl3w</Filter>
    </ClInclude>
    <ClInclude Include="..\ext\tinyexr\tinyexr.h">
      <Filter>ext\tinyexr</Filter>
    </ClInclude>
    <ClInclude Include="..\ext\tinyexr\deps\miniz\miniz.h">
      <Filter>ext\tinyexr\miniz</Filter>
    </ClInclude>
    <ClInclude Include="..\ext\tinyexr\deps\nanozlib\nanozlib.h">
      <Filter>ext\tinyexr\nanozlib</Filter>
    </ClInclude>
  </ItemGroup>
  <ItemGroup>
    <CopyFileToFolders Include="shaders\drawOptiXResult.vert">
      <Filter>shaders</Filter>
    </CopyFileToFolders>
    <CopyFileToFolders Include="shaders\drawOptiXResult.frag">
      <Filter>shaders</Filter>
    </CopyFileToFolders>
    <CopyFileToFolders Include="shaders\scale.vert">
      <Filter>shaders</Filter>
    </CopyFileToFolders>
    <CopyFileToFolders Include="shaders\scale.frag">
      <Filter>shaders</Filter>
    </CopyFileToFolders>
  </ItemGroup>
</Project>