<?xml version="1.0" encoding="utf-8"?>
<Project ToolsVersion="4.0" xmlns="http://schemas.microsoft.com/developer/msbuild/2003">
  <ItemGroup>
    <ClCompile Include="main.cpp" />
    <ClCompile Include="ext\src\gl3w\gl3w.c">
      <Filter>gl3w</Filter>
    </ClCompile>
    <ClCompile Include="scene.cpp" />
    <ClCompile Include="c_compile_test.c" />
    <ClCompile Include="ext\src\imGui\imgui_impl_glfw.cpp">
      <Filter>imGui</Filter>
    </ClCompile>
    <ClCompile Include="ext\src\imGui\imgui_impl_opengl3.cpp">
      <Filter>imGui</Filter>
    </ClCompile>
    <ClCompile Include="ext\src\imGui\imgui_widgets.cpp">
      <Filter>imGui</Filter>
    </ClCompile>
    <ClCompile Include="ext\src\imGui\imgui.cpp">
      <Filter>imGui</Filter>
    </ClCompile>
    <ClCompile Include="ext\src\imGui\imgui_demo.cpp">
      <Filter>imGui</Filter>
    </ClCompile>
    <ClCompile Include="ext\src\imGui\imgui_draw.cpp">
      <Filter>imGui</Filter>
    </ClCompile>
    <ClCompile Include="cpp_compile_test.cpp" />
    <ClCompile Include="dds_loader.cpp">
      <Filter>helpers</Filter>
    </ClCompile>
    <ClCompile Include="gl_util.cpp">
      <Filter>helpers</Filter>
    </ClCompile>
    <ClCompile Include="image_loader.cpp">
      <Filter>helpers</Filter>
    </ClCompile>
    <ClCompile Include="ext\src\imGui\imgui_tables.cpp">
      <Filter>imGui</Filter>
    </ClCompile>
  </ItemGroup>
  <ItemGroup>
    <Filter Include="gl3w">
      <UniqueIdentifier>{f1d96776-f3d0-4528-b4c8-1bf6b691e30b}</UniqueIdentifier>
    </Filter>
    <Filter Include="imGui">
      <UniqueIdentifier>{c87f610c-174a-4151-b19d-cdfb50062d04}</UniqueIdentifier>
    </Filter>
    <Filter Include="shaders">
      <UniqueIdentifier>{b1ba1065-1607-4b70-8c86-9c1535ae2b93}</UniqueIdentifier>
    </Filter>
    <Filter Include="GLFW">
      <UniqueIdentifier>{087fdc49-3034-48a3-95d9-953bde5f51ac}</UniqueIdentifier>
    </Filter>
    <Filter Include="helpers">
      <UniqueIdentifier>{079c8b79-02fc-414e-b18d-35ee05d2185f}</UniqueIdentifier>
    </Filter>
    <Filter Include="files to copy">
      <UniqueIdentifier>{e25caf6d-50c3-4ffd-af1c-9537fca00240}</UniqueIdentifier>
    </Filter>
  </ItemGroup>
  <ItemGroup>
    <ClInclude Include="ext\include\GL\gl3w.h">
      <Filter>gl3w</Filter>
    </ClInclude>
    <ClInclude Include="ext\include\GL\glcorearb.h">
      <Filter>gl3w</Filter>
    </ClInclude>
    <ClInclude Include="StopWatch.h" />
    <ClInclude Include="scene.h" />
    <ClInclude Include="common.h" />
    <ClInclude Include="ext\include\imGui\imgui_impl_glfw.h">
      <Filter>imGui</Filter>
    </ClInclude>
    <ClInclude Include="ext\include\imGui\imgui_impl_opengl3.h">
      <Filter>imGui</Filter>
    </ClInclude>
    <ClInclude Include="ext\include\imGui\imgui_internal.h">
      <Filter>imGui</Filter>
    </ClInclude>
    <ClInclude Include="ext\include\imGui\imstb_rectpack.h">
      <Filter>imGui</Filter>
    </ClInclude>
    <ClInclude Include="ext\include\imGui\imstb_textedit.h">
      <Filter>imGui</Filter>
    </ClInclude>
    <ClInclude Include="ext\include\imGui\imstb_truetype.h">
      <Filter>imGui</Filter>
    </ClInclude>
    <ClInclude Include="ext\include\imGui\imconfig.h">
      <Filter>imGui</Filter>
    </ClInclude>
    <ClInclude Include="ext\include\imGui\imgui.h">
      <Filter>imGui</Filter>
    </ClInclude>
    <ClInclude Include="ext\include\GLFW\glfw3.h">
      <Filter>GLFW</Filter>
    </ClInclude>
    <ClInclude Include="ext\include\GLFW\glfw3native.h">
      <Filter>GLFW</Filter>
    </ClInclude>
    <ClInclude Include="parameter.h" />
    <ClInclude Include="ext\include\KHR\khrplatform.h">
      <Filter>gl3w</Filter>
    </ClInclude>
    <ClInclude Include="gl_util.h">
      <Filter>helpers</Filter>
    </ClInclude>
    <ClInclude Include="dds_loader.h">
      <Filter>helpers</Filter>
    </ClInclude>
    <ClInclude Include="image_loader.h">
      <Filter>helpers</Filter>
    </ClInclude>
  </ItemGroup>
  <ItemGroup>
    <CopyFileToFolders Include="shaders\drawOptiXResult.frag" />
    <CopyFileToFolders Include="shaders\drawOptiXResult.vert" />
    <CopyFileToFolders Include="shaders\scale.frag" />
    <CopyFileToFolders Include="shaders\scale.vert" />
  </ItemGroup>
</Project>